
Microsoft Visual Studio Solution File, Format Version 12.00
Project("{FAE04EC0-301F-11D3-BF4B-00C04F79EFBC}") = "TransactionTask.Core", "TransactionTask.Core\TransactionTask.Core.csproj", "{B1BE6172-0CCF-4C21-901E-E60B902FCC4B}"
EndProject
Project("{FAE04EC0-301F-11D3-BF4B-00C04F79EFBC}") = "TransactionTask.WebApi", "TransactionTask.WebApi\TransactionTask.WebApi.csproj", "{C23851E3-0618-46C7-8264-2F7DDE434913}"
EndProject
Project("{FAE04EC0-301F-11D3-BF4B-00C04F79EFBC}") = "TransactionTask.Tests", "TransactionTask.Tests\TransactionTask.Tests.csproj", "{6462A478-BCD9-4FD0-B8FE-EC384BB5BCE7}"
EndProject
Global
	GlobalSection(SolutionConfigurationPlatforms) = preSolution
		Debug|Any CPU = Debug|Any CPU
		Release|Any CPU = Release|Any CPU
	EndGlobalSection
	GlobalSection(ProjectConfigurationPlatforms) = postSolution
		{B1BE6172-0CCF-4C21-901E-E60B902FCC4B}.Debug|Any CPU.ActiveCfg = Debug|Any CPU
		{B1BE6172-0CCF-4C21-901E-E60B902FCC4B}.Debug|Any CPU.Build.0 = Debug|Any CPU
		{B1BE6172-0CCF-4C21-901E-E60B902FCC4B}.Release|Any CPU.ActiveCfg = Release|Any CPU
		{B1BE6172-0CCF-4C21-901E-E60B902FCC4B}.Release|Any CPU.Build.0 = Release|Any CPU
		{C23851E3-0618-46C7-8264-2F7DDE434913}.Debug|Any CPU.ActiveCfg = Debug|Any CPU
		{C23851E3-0618-46C7-8264-2F7DDE434913}.Debug|Any CPU.Build.0 = Debug|Any CPU
		{C23851E3-0618-46C7-8264-2F7DDE434913}.Release|Any CPU.ActiveCfg = Release|Any CPU
		{C23851E3-0618-46C7-8264-2F7DDE434913}.Release|Any CPU.Build.0 = Release|Any CPU
		{6462A478-BCD9-4FD0-B8FE-EC384BB5BCE7}.Debug|Any CPU.ActiveCfg = Debug|Any CPU
		{6462A478-BCD9-4FD0-B8FE-EC384BB5BCE7}.Debug|Any CPU.Build.0 = Debug|Any CPU
		{6462A478-BCD9-4FD0-B8FE-EC384BB5BCE7}.Release|Any CPU.ActiveCfg = Release|Any CPU
		{6462A478-BCD9-4FD0-B8FE-EC384BB5BCE7}.Release|Any CPU.Build.0 = Release|Any CPU
	EndGlobalSection
EndGlobal
